
Microsoft Visual Studio Solution File, Format Version 12.00
# Visual Studio Version 17
VisualStudioVersion = 17.5.33424.131
MinimumVisualStudioVersion = 10.0.40219.1
Project("{9A19103F-16F7-4668-BE54-9A1E7A4F7556}") = "Domain", "Domain\Domain.csproj", "{D8DDB483-B904-43B4-9E87-88D57DD68CC3}"
EndProject
Project("{9A19103F-16F7-4668-BE54-9A1E7A4F7556}") = "App", "Sheduler\App.csproj", "{2FF36E02-4870-4C9A-AEC0-732347B1F429}"
EndProject
Project("{9A19103F-16F7-4668-BE54-9A1E7A4F7556}") = "Services", "Services\Services.csproj", "{16B0C6C8-E412-4676-A5AB-8A0C23401232}"
EndProject
Project("{9A19103F-16F7-4668-BE54-9A1E7A4F7556}") = "Tools", "Tools\Tools.csproj", "{AC188C89-ADF5-44BC-B7BF-405F8FB1480C}"
EndProject
Project("{FAE04EC0-301F-11D3-BF4B-00C04F79EFBC}") = "WebApp", "WebApp\WebApp.csproj", "{1EF0E61B-2624-4437-8135-A31DBF3359B8}"
EndProject
Global
	GlobalSection(SolutionConfigurationPlatforms) = preSolution
		Debug|Any CPU = Debug|Any CPU
		Release|Any CPU = Release|Any CPU
	EndGlobalSection
	GlobalSection(ProjectConfigurationPlatforms) = postSolution
		{D8DDB483-B904-43B4-9E87-88D57DD68CC3}.Debug|Any CPU.ActiveCfg = Debug|Any CPU
		{D8DDB483-B904-43B4-9E87-88D57DD68CC3}.Debug|Any CPU.Build.0 = Debug|Any CPU
		{D8DDB483-B904-43B4-9E87-88D57DD68CC3}.Release|Any CPU.ActiveCfg = Release|Any CPU
		{D8DDB483-B904-43B4-9E87-88D57DD68CC3}.Release|Any CPU.Build.0 = Release|Any CPU
		{2FF36E02-4870-4C9A-AEC0-732347B1F429}.Debug|Any CPU.ActiveCfg = Debug|Any CPU
		{2FF36E02-4870-4C9A-AEC0-732347B1F429}.Debug|Any CPU.Build.0 = Debug|Any CPU
		{2FF36E02-4870-4C9A-AEC0-732347B1F429}.Release|Any CPU.ActiveCfg = Release|Any CPU
		{2FF36E02-4870-4C9A-AEC0-732347B1F429}.Release|Any CPU.Build.0 = Release|Any CPU
		{16B0C6C8-E412-4676-A5AB-8A0C23401232}.Debug|Any CPU.ActiveCfg = Debug|Any CPU
		{16B0C6C8-E412-4676-A5AB-8A0C23401232}.Debug|Any CPU.Build.0 = Debug|Any CPU
		{16B0C6C8-E412-4676-A5AB-8A0C23401232}.Release|Any CPU.ActiveCfg = Release|Any CPU
		{16B0C6C8-E412-4676-A5AB-8A0C23401232}.Release|Any CPU.Build.0 = Release|Any CPU
		{AC188C89-ADF5-44BC-B7BF-405F8FB1480C}.Debug|Any CPU.ActiveCfg = Debug|Any CPU
		{AC188C89-ADF5-44BC-B7BF-405F8FB1480C}.Debug|Any CPU.Build.0 = Debug|Any CPU
		{AC188C89-ADF5-44BC-B7BF-405F8FB1480C}.Release|Any CPU.ActiveCfg = Release|Any CPU
		{AC188C89-ADF5-44BC-B7BF-405F8FB1480C}.Release|Any CPU.Build.0 = Release|Any CPU
		{1EF0E61B-2624-4437-8135-A31DBF3359B8}.Debug|Any CPU.ActiveCfg = Debug|Any CPU
		{1EF0E61B-2624-4437-8135-A31DBF3359B8}.Debug|Any CPU.Build.0 = Debug|Any CPU
		{1EF0E61B-2624-4437-8135-A31DBF3359B8}.Release|Any CPU.ActiveCfg = Release|Any CPU
		{1EF0E61B-2624-4437-8135-A31DBF3359B8}.Release|Any CPU.Build.0 = Release|Any CPU
	EndGlobalSection
	GlobalSection(SolutionProperties) = preSolution
		HideSolutionNode = FALSE
	EndGlobalSection
	GlobalSection(ExtensibilityGlobals) = postSolution
		SolutionGuid = {E955BC50-311C-4032-AE63-B2817D001E61}
	EndGlobalSection
EndGlobal
